
Microsoft Visual Studio Solution File, Format Version 12.00
# Visual Studio Version 16
VisualStudioVersion = 16.0.29709.97
MinimumVisualStudioVersion = 10.0.40219.1
Project("{FAE04EC0-301F-11D3-BF4B-00C04F79EFBC}") = "OrchestrionPlugin", "OrchestrionPlugin\OrchestrionPlugin.csproj", "{F75C1B2F-FD6F-4588-B06C-6AEE7804EDEB}"
EndProject
Project("{FAE04EC0-301F-11D3-BF4B-00C04F79EFBC}") = "UITest", "UITest\UITest.csproj", "{ECF4247B-9580-4DDA-9F7C-D19E3182FA08}"
EndProject
Global
	GlobalSection(SolutionConfigurationPlatforms) = preSolution
		Debug|Any CPU = Debug|Any CPU
		Release|Any CPU = Release|Any CPU
	EndGlobalSection
	GlobalSection(ProjectConfigurationPlatforms) = postSolution
		{F75C1B2F-FD6F-4588-B06C-6AEE7804EDEB}.Debug|Any CPU.ActiveCfg = Debug|Any CPU
		{F75C1B2F-FD6F-4588-B06C-6AEE7804EDEB}.Debug|Any CPU.Build.0 = Debug|Any CPU
		{F75C1B2F-FD6F-4588-B06C-6AEE7804EDEB}.Release|Any CPU.ActiveCfg = Release|Any CPU
		{F75C1B2F-FD6F-4588-B06C-6AEE7804EDEB}.Release|Any CPU.Build.0 = Release|Any CPU
		{ECF4247B-9580-4DDA-9F7C-D19E3182FA08}.Debug|Any CPU.ActiveCfg = Debug|Any CPU
		{ECF4247B-9580-4DDA-9F7C-D19E3182FA08}.Debug|Any CPU.Build.0 = Debug|Any CPU
		{ECF4247B-9580-4DDA-9F7C-D19E3182FA08}.Release|Any CPU.ActiveCfg = Release|Any CPU
		{ECF4247B-9580-4DDA-9F7C-D19E3182FA08}.Release|Any CPU.Build.0 = Release|Any CPU
	EndGlobalSection
	GlobalSection(SolutionProperties) = preSolution
		HideSolutionNode = FALSE
	EndGlobalSection
	GlobalSection(ExtensibilityGlobals) = postSolution
		SolutionGuid = {A2347C84-F0F7-4CE0-BA63-CBF8EB36707E}
	EndGlobalSection
EndGlobal
